// !$*UTF8*$!
{
	archiveVersion = 1;
	classes = {
	};
	objectVersion = 51;
	objects = {

/* Begin PBXBuildFile section */
		1D8748E2670D3AA727981898 /* Pods_Instagram.framework in Frameworks */ = {isa = PBXBuildFile; fileRef = 79D3EBDBB9CE3A90AE206BE2 /* Pods_Instagram.framework */; };
		37EB2D78C534F04DCC2194AB /* Pods_Instagram_InstagramUITests.framework in Frameworks */ = {isa = PBXBuildFile; fileRef = E389FA629BE393699E4BB189 /* Pods_Instagram_InstagramUITests.framework */; };
		3E806EB157202800A7E5C695 /* Pods_InstagramTests.framework in Frameworks */ = {isa = PBXBuildFile; fileRef = 4BF3B95B8A79706D9938FBA8 /* Pods_InstagramTests.framework */; };
		D266184B2709151F00DB3C0C /* LoginViewController.swift in Sources */ = {isa = PBXBuildFile; fileRef = D266184A2709151F00DB3C0C /* LoginViewController.swift */; };
		D266184D2709153100DB3C0C /* FeedViewController.swift in Sources */ = {isa = PBXBuildFile; fileRef = D266184C2709153100DB3C0C /* FeedViewController.swift */; };
		D266184F2709227B00DB3C0C /* CameraViewController.swift in Sources */ = {isa = PBXBuildFile; fileRef = D266184E2709227B00DB3C0C /* CameraViewController.swift */; };
		D2661851270929BA00DB3C0C /* PostCell.swift in Sources */ = {isa = PBXBuildFile; fileRef = D2661850270929BA00DB3C0C /* PostCell.swift */; };
		D2A2B65C2709074C000E6146 /* AppDelegate.swift in Sources */ = {isa = PBXBuildFile; fileRef = D2A2B65B2709074C000E6146 /* AppDelegate.swift */; };
		D2A2B65E2709074C000E6146 /* SceneDelegate.swift in Sources */ = {isa = PBXBuildFile; fileRef = D2A2B65D2709074C000E6146 /* SceneDelegate.swift */; };
		D2A2B6632709074C000E6146 /* Main.storyboard in Resources */ = {isa = PBXBuildFile; fileRef = D2A2B6612709074C000E6146 /* Main.storyboard */; };
		D2A2B6652709074E000E6146 /* Assets.xcassets in Resources */ = {isa = PBXBuildFile; fileRef = D2A2B6642709074E000E6146 /* Assets.xcassets */; };
		D2A2B6682709074E000E6146 /* LaunchScreen.storyboard in Resources */ = {isa = PBXBuildFile; fileRef = D2A2B6662709074E000E6146 /* LaunchScreen.storyboard */; };
		D2A2B6732709074E000E6146 /* InstagramTests.swift in Sources */ = {isa = PBXBuildFile; fileRef = D2A2B6722709074E000E6146 /* InstagramTests.swift */; };
		D2A2B67E2709074E000E6146 /* InstagramUITests.swift in Sources */ = {isa = PBXBuildFile; fileRef = D2A2B67D2709074E000E6146 /* InstagramUITests.swift */; };
/* End PBXBuildFile section */

/* Begin PBXContainerItemProxy section */
		D2A2B66F2709074E000E6146 /* PBXContainerItemProxy */ = {
			isa = PBXContainerItemProxy;
			containerPortal = D2A2B6502709074C000E6146 /* Project object */;
			proxyType = 1;
			remoteGlobalIDString = D2A2B6572709074C000E6146;
			remoteInfo = Instagram;
		};
		D2A2B67A2709074E000E6146 /* PBXContainerItemProxy */ = {
			isa = PBXContainerItemProxy;
			containerPortal = D2A2B6502709074C000E6146 /* Project object */;
			proxyType = 1;
			remoteGlobalIDString = D2A2B6572709074C000E6146;
			remoteInfo = Instagram;
		};
/* End PBXContainerItemProxy section */

/* Begin PBXFileReference section */
		0384DD64F3B1EE1D3F028301 /* Pods-InstagramTests.release.xcconfig */ = {isa = PBXFileReference; includeInIndex = 1; lastKnownFileType = text.xcconfig; name = "Pods-InstagramTests.release.xcconfig"; path = "Target Support Files/Pods-InstagramTests/Pods-InstagramTests.release.xcconfig"; sourceTree = "<group>"; };
		1713B63CC48955ACCADB8E5F /* Pods-Instagram.release.xcconfig */ = {isa = PBXFileReference; includeInIndex = 1; lastKnownFileType = text.xcconfig; name = "Pods-Instagram.release.xcconfig"; path = "Target Support Files/Pods-Instagram/Pods-Instagram.release.xcconfig"; sourceTree = "<group>"; };
		44F6B4D7E7C172635353615A /* Pods-Instagram.debug.xcconfig */ = {isa = PBXFileReference; includeInIndex = 1; lastKnownFileType = text.xcconfig; name = "Pods-Instagram.debug.xcconfig"; path = "Target Support Files/Pods-Instagram/Pods-Instagram.debug.xcconfig"; sourceTree = "<group>"; };
		4BF3B95B8A79706D9938FBA8 /* Pods_InstagramTests.framework */ = {isa = PBXFileReference; explicitFileType = wrapper.framework; includeInIndex = 0; path = Pods_InstagramTests.framework; sourceTree = BUILT_PRODUCTS_DIR; };
		4F5D00FE25FC6E93D161ACAC /* Pods-Instagram-InstagramUITests.debug.xcconfig */ = {isa = PBXFileReference; includeInIndex = 1; lastKnownFileType = text.xcconfig; name = "Pods-Instagram-InstagramUITests.debug.xcconfig"; path = "Target Support Files/Pods-Instagram-InstagramUITests/Pods-Instagram-InstagramUITests.debug.xcconfig"; sourceTree = "<group>"; };
		79D3EBDBB9CE3A90AE206BE2 /* Pods_Instagram.framework */ = {isa = PBXFileReference; explicitFileType = wrapper.framework; includeInIndex = 0; path = Pods_Instagram.framework; sourceTree = BUILT_PRODUCTS_DIR; };
		9CCB727B278604490C9D423F /* Pods-InstagramTests.debug.xcconfig */ = {isa = PBXFileReference; includeInIndex = 1; lastKnownFileType = text.xcconfig; name = "Pods-InstagramTests.debug.xcconfig"; path = "Target Support Files/Pods-InstagramTests/Pods-InstagramTests.debug.xcconfig"; sourceTree = "<group>"; };
		D266184A2709151F00DB3C0C /* LoginViewController.swift */ = {isa = PBXFileReference; lastKnownFileType = sourcecode.swift; path = LoginViewController.swift; sourceTree = "<group>"; };
		D266184C2709153100DB3C0C /* FeedViewController.swift */ = {isa = PBXFileReference; lastKnownFileType = sourcecode.swift; path = FeedViewController.swift; sourceTree = "<group>"; };
		D266184E2709227B00DB3C0C /* CameraViewController.swift */ = {isa = PBXFileReference; lastKnownFileType = sourcecode.swift; path = CameraViewController.swift; sourceTree = "<group>"; };
		D2661850270929BA00DB3C0C /* PostCell.swift */ = {isa = PBXFileReference; lastKnownFileType = sourcecode.swift; path = PostCell.swift; sourceTree = "<group>"; };
		D2A2B6582709074C000E6146 /* Instagram.app */ = {isa = PBXFileReference; explicitFileType = wrapper.application; includeInIndex = 0; path = Instagram.app; sourceTree = BUILT_PRODUCTS_DIR; };
		D2A2B65B2709074C000E6146 /* AppDelegate.swift */ = {isa = PBXFileReference; lastKnownFileType = sourcecode.swift; path = AppDelegate.swift; sourceTree = "<group>"; };
		D2A2B65D2709074C000E6146 /* SceneDelegate.swift */ = {isa = PBXFileReference; lastKnownFileType = sourcecode.swift; path = SceneDelegate.swift; sourceTree = "<group>"; };
		D2A2B6622709074C000E6146 /* Base */ = {isa = PBXFileReference; lastKnownFileType = file.storyboard; name = Base; path = Base.lproj/Main.storyboard; sourceTree = "<group>"; };
		D2A2B6642709074E000E6146 /* Assets.xcassets */ = {isa = PBXFileReference; lastKnownFileType = folder.assetcatalog; path = Assets.xcassets; sourceTree = "<group>"; };
		D2A2B6672709074E000E6146 /* Base */ = {isa = PBXFileReference; lastKnownFileType = file.storyboard; name = Base; path = Base.lproj/LaunchScreen.storyboard; sourceTree = "<group>"; };
		D2A2B6692709074E000E6146 /* Info.plist */ = {isa = PBXFileReference; lastKnownFileType = text.plist.xml; path = Info.plist; sourceTree = "<group>"; };
		D2A2B66E2709074E000E6146 /* InstagramTests.xctest */ = {isa = PBXFileReference; explicitFileType = wrapper.cfbundle; includeInIndex = 0; path = InstagramTests.xctest; sourceTree = BUILT_PRODUCTS_DIR; };
		D2A2B6722709074E000E6146 /* InstagramTests.swift */ = {isa = PBXFileReference; lastKnownFileType = sourcecode.swift; path = InstagramTests.swift; sourceTree = "<group>"; };
		D2A2B6742709074E000E6146 /* Info.plist */ = {isa = PBXFileReference; lastKnownFileType = text.plist.xml; path = Info.plist; sourceTree = "<group>"; };
		D2A2B6792709074E000E6146 /* InstagramUITests.xctest */ = {isa = PBXFileReference; explicitFileType = wrapper.cfbundle; includeInIndex = 0; path = InstagramUITests.xctest; sourceTree = BUILT_PRODUCTS_DIR; };
		D2A2B67D2709074E000E6146 /* InstagramUITests.swift */ = {isa = PBXFileReference; lastKnownFileType = sourcecode.swift; path = InstagramUITests.swift; sourceTree = "<group>"; };
		D2A2B67F2709074E000E6146 /* Info.plist */ = {isa = PBXFileReference; lastKnownFileType = text.plist.xml; path = Info.plist; sourceTree = "<group>"; };
		E389FA629BE393699E4BB189 /* Pods_Instagram_InstagramUITests.framework */ = {isa = PBXFileReference; explicitFileType = wrapper.framework; includeInIndex = 0; path = Pods_Instagram_InstagramUITests.framework; sourceTree = BUILT_PRODUCTS_DIR; };
		FED24C956D88D7CAE96155B6 /* Pods-Instagram-InstagramUITests.release.xcconfig */ = {isa = PBXFileReference; includeInIndex = 1; lastKnownFileType = text.xcconfig; name = "Pods-Instagram-InstagramUITests.release.xcconfig"; path = "Target Support Files/Pods-Instagram-InstagramUITests/Pods-Instagram-InstagramUITests.release.xcconfig"; sourceTree = "<group>"; };
/* End PBXFileReference section */

/* Begin PBXFrameworksBuildPhase section */
		D2A2B6552709074C000E6146 /* Frameworks */ = {
			isa = PBXFrameworksBuildPhase;
			buildActionMask = 2147483647;
			files = (
				1D8748E2670D3AA727981898 /* Pods_Instagram.framework in Frameworks */,
			);
			runOnlyForDeploymentPostprocessing = 0;
		};
		D2A2B66B2709074E000E6146 /* Frameworks */ = {
			isa = PBXFrameworksBuildPhase;
			buildActionMask = 2147483647;
			files = (
				3E806EB157202800A7E5C695 /* Pods_InstagramTests.framework in Frameworks */,
			);
			runOnlyForDeploymentPostprocessing = 0;
		};
		D2A2B6762709074E000E6146 /* Frameworks */ = {
			isa = PBXFrameworksBuildPhase;
			buildActionMask = 2147483647;
			files = (
				37EB2D78C534F04DCC2194AB /* Pods_Instagram_InstagramUITests.framework in Frameworks */,
			);
			runOnlyForDeploymentPostprocessing = 0;
		};
/* End PBXFrameworksBuildPhase section */

/* Begin PBXGroup section */
		653A0336EF459E0D8C9D6078 /* Frameworks */ = {
			isa = PBXGroup;
			children = (
				79D3EBDBB9CE3A90AE206BE2 /* Pods_Instagram.framework */,
				E389FA629BE393699E4BB189 /* Pods_Instagram_InstagramUITests.framework */,
				4BF3B95B8A79706D9938FBA8 /* Pods_InstagramTests.framework */,
			);
			name = Frameworks;
			sourceTree = "<group>";
		};
		90DC012C4337B1A1C636A09A /* Pods */ = {
			isa = PBXGroup;
			children = (
				44F6B4D7E7C172635353615A /* Pods-Instagram.debug.xcconfig */,
				1713B63CC48955ACCADB8E5F /* Pods-Instagram.release.xcconfig */,
				4F5D00FE25FC6E93D161ACAC /* Pods-Instagram-InstagramUITests.debug.xcconfig */,
				FED24C956D88D7CAE96155B6 /* Pods-Instagram-InstagramUITests.release.xcconfig */,
				9CCB727B278604490C9D423F /* Pods-InstagramTests.debug.xcconfig */,
				0384DD64F3B1EE1D3F028301 /* Pods-InstagramTests.release.xcconfig */,
			);
			path = Pods;
			sourceTree = "<group>";
		};
		D2A2B64F2709074C000E6146 = {
			isa = PBXGroup;
			children = (
				D2A2B65A2709074C000E6146 /* Instagram */,
				D2A2B6712709074E000E6146 /* InstagramTests */,
				D2A2B67C2709074E000E6146 /* InstagramUITests */,
				D2A2B6592709074C000E6146 /* Products */,
				90DC012C4337B1A1C636A09A /* Pods */,
				653A0336EF459E0D8C9D6078 /* Frameworks */,
			);
			sourceTree = "<group>";
		};
		D2A2B6592709074C000E6146 /* Products */ = {
			isa = PBXGroup;
			children = (
				D2A2B6582709074C000E6146 /* Instagram.app */,
				D2A2B66E2709074E000E6146 /* InstagramTests.xctest */,
				D2A2B6792709074E000E6146 /* InstagramUITests.xctest */,
			);
			name = Products;
			sourceTree = "<group>";
		};
		D2A2B65A2709074C000E6146 /* Instagram */ = {
			isa = PBXGroup;
			children = (
				D2A2B65B2709074C000E6146 /* AppDelegate.swift */,
				D2A2B65D2709074C000E6146 /* SceneDelegate.swift */,
				D2A2B6612709074C000E6146 /* Main.storyboard */,
				D2A2B6642709074E000E6146 /* Assets.xcassets */,
				D2A2B6662709074E000E6146 /* LaunchScreen.storyboard */,
				D2A2B6692709074E000E6146 /* Info.plist */,
				D266184A2709151F00DB3C0C /* LoginViewController.swift */,
				D266184C2709153100DB3C0C /* FeedViewController.swift */,
				D266184E2709227B00DB3C0C /* CameraViewController.swift */,
				D2661850270929BA00DB3C0C /* PostCell.swift */,
			);
			path = Instagram;
			sourceTree = "<group>";
		};
		D2A2B6712709074E000E6146 /* InstagramTests */ = {
			isa = PBXGroup;
			children = (
				D2A2B6722709074E000E6146 /* InstagramTests.swift */,
				D2A2B6742709074E000E6146 /* Info.plist */,
			);
			path = InstagramTests;
			sourceTree = "<group>";
		};
		D2A2B67C2709074E000E6146 /* InstagramUITests */ = {
			isa = PBXGroup;
			children = (
				D2A2B67D2709074E000E6146 /* InstagramUITests.swift */,
				D2A2B67F2709074E000E6146 /* Info.plist */,
			);
			path = InstagramUITests;
			sourceTree = "<group>";
		};
/* End PBXGroup section */

/* Begin PBXNativeTarget section */
		D2A2B6572709074C000E6146 /* Instagram */ = {
			isa = PBXNativeTarget;
			buildConfigurationList = D2A2B6822709074E000E6146 /* Build configuration list for PBXNativeTarget "Instagram" */;
			buildPhases = (
				0F5C7298A906CE8738B4B1A0 /* [CP] Check Pods Manifest.lock */,
				D2A2B6542709074C000E6146 /* Sources */,
				D2A2B6552709074C000E6146 /* Frameworks */,
				D2A2B6562709074C000E6146 /* Resources */,
				F0D090BCCA8AFF71BEC85F7A /* [CP] Embed Pods Frameworks */,
			);
			buildRules = (
			);
			dependencies = (
			);
			name = Instagram;
			productName = Instagram;
			productReference = D2A2B6582709074C000E6146 /* Instagram.app */;
			productType = "com.apple.product-type.application";
		};
		D2A2B66D2709074E000E6146 /* InstagramTests */ = {
			isa = PBXNativeTarget;
			buildConfigurationList = D2A2B6852709074E000E6146 /* Build configuration list for PBXNativeTarget "InstagramTests" */;
			buildPhases = (
				9A3A68D698A7D50604BF9F87 /* [CP] Check Pods Manifest.lock */,
				D2A2B66A2709074E000E6146 /* Sources */,
				D2A2B66B2709074E000E6146 /* Frameworks */,
				D2A2B66C2709074E000E6146 /* Resources */,
			);
			buildRules = (
			);
			dependencies = (
				D2A2B6702709074E000E6146 /* PBXTargetDependency */,
			);
			name = InstagramTests;
			productName = InstagramTests;
			productReference = D2A2B66E2709074E000E6146 /* InstagramTests.xctest */;
			productType = "com.apple.product-type.bundle.unit-test";
		};
		D2A2B6782709074E000E6146 /* InstagramUITests */ = {
			isa = PBXNativeTarget;
			buildConfigurationList = D2A2B6882709074E000E6146 /* Build configuration list for PBXNativeTarget "InstagramUITests" */;
			buildPhases = (
				5E49E03C138D47DA56044BD5 /* [CP] Check Pods Manifest.lock */,
				D2A2B6752709074E000E6146 /* Sources */,
				D2A2B6762709074E000E6146 /* Frameworks */,
				D2A2B6772709074E000E6146 /* Resources */,
				2C427B78A3F388A05823860E /* [CP] Embed Pods Frameworks */,
			);
			buildRules = (
			);
			dependencies = (
				D2A2B67B2709074E000E6146 /* PBXTargetDependency */,
			);
			name = InstagramUITests;
			productName = InstagramUITests;
			productReference = D2A2B6792709074E000E6146 /* InstagramUITests.xctest */;
			productType = "com.apple.product-type.bundle.ui-testing";
		};
/* End PBXNativeTarget section */

/* Begin PBXProject section */
		D2A2B6502709074C000E6146 /* Project object */ = {
			isa = PBXProject;
			attributes = {
				LastSwiftUpdateCheck = 1250;
				LastUpgradeCheck = 1250;
				TargetAttributes = {
					D2A2B6572709074C000E6146 = {
						CreatedOnToolsVersion = 12.5.1;
					};
					D2A2B66D2709074E000E6146 = {
						CreatedOnToolsVersion = 12.5.1;
						TestTargetID = D2A2B6572709074C000E6146;
					};
					D2A2B6782709074E000E6146 = {
						CreatedOnToolsVersion = 12.5.1;
						TestTargetID = D2A2B6572709074C000E6146;
					};
				};
			};
			buildConfigurationList = D2A2B6532709074C000E6146 /* Build configuration list for PBXProject "Instagram" */;
			compatibilityVersion = "Xcode 9.3";
			developmentRegion = en;
			hasScannedForEncodings = 0;
			knownRegions = (
				en,
				Base,
			);
			mainGroup = D2A2B64F2709074C000E6146;
			productRefGroup = D2A2B6592709074C000E6146 /* Products */;
			projectDirPath = "";
			projectRoot = "";
			targets = (
				D2A2B6572709074C000E6146 /* Instagram */,
				D2A2B66D2709074E000E6146 /* InstagramTests */,
				D2A2B6782709074E000E6146 /* InstagramUITests */,
			);
		};
/* End PBXProject section */

/* Begin PBXResourcesBuildPhase section */
		D2A2B6562709074C000E6146 /* Resources */ = {
			isa = PBXResourcesBuildPhase;
			buildActionMask = 2147483647;
			files = (
				D2A2B6682709074E000E6146 /* LaunchScreen.storyboard in Resources */,
				D2A2B6652709074E000E6146 /* Assets.xcassets in Resources */,
				D2A2B6632709074C000E6146 /* Main.storyboard in Resources */,
			);
			runOnlyForDeploymentPostprocessing = 0;
		};
		D2A2B66C2709074E000E6146 /* Resources */ = {
			isa = PBXResourcesBuildPhase;
			buildActionMask = 2147483647;
			files = (
			);
			runOnlyForDeploymentPostprocessing = 0;
		};
		D2A2B6772709074E000E6146 /* Resources */ = {
			isa = PBXResourcesBuildPhase;
			buildActionMask = 2147483647;
			files = (
			);
			runOnlyForDeploymentPostprocessing = 0;
		};
/* End PBXResourcesBuildPhase section */

/* Begin PBXShellScriptBuildPhase section */
		0F5C7298A906CE8738B4B1A0 /* [CP] Check Pods Manifest.lock */ = {
			isa = PBXShellScriptBuildPhase;
			buildActionMask = 2147483647;
			files = (
			);
			inputFileListPaths = (
			);
			inputPaths = (
				"${PODS_PODFILE_DIR_PATH}/Podfile.lock",
				"${PODS_ROOT}/Manifest.lock",
			);
			name = "[CP] Check Pods Manifest.lock";
			outputFileListPaths = (
			);
			outputPaths = (
				"$(DERIVED_FILE_DIR)/Pods-Instagram-checkManifestLockResult.txt",
			);
			runOnlyForDeploymentPostprocessing = 0;
			shellPath = /bin/sh;
			shellScript = "diff \"${PODS_PODFILE_DIR_PATH}/Podfile.lock\" \"${PODS_ROOT}/Manifest.lock\" > /dev/null\nif [ $? != 0 ] ; then\n    # print error to STDERR\n    echo \"error: The sandbox is not in sync with the Podfile.lock. Run 'pod install' or update your CocoaPods installation.\" >&2\n    exit 1\nfi\n# This output is used by Xcode 'outputs' to avoid re-running this script phase.\necho \"SUCCESS\" > \"${SCRIPT_OUTPUT_FILE_0}\"\n";
			showEnvVarsInLog = 0;
		};
		2C427B78A3F388A05823860E /* [CP] Embed Pods Frameworks */ = {
			isa = PBXShellScriptBuildPhase;
			buildActionMask = 2147483647;
			files = (
			);
			inputFileListPaths = (
				"${PODS_ROOT}/Target Support Files/Pods-Instagram-InstagramUITests/Pods-Instagram-InstagramUITests-frameworks-${CONFIGURATION}-input-files.xcfilelist",
			);
			name = "[CP] Embed Pods Frameworks";
			outputFileListPaths = (
				"${PODS_ROOT}/Target Support Files/Pods-Instagram-InstagramUITests/Pods-Instagram-InstagramUITests-frameworks-${CONFIGURATION}-output-files.xcfilelist",
			);
			runOnlyForDeploymentPostprocessing = 0;
			shellPath = /bin/sh;
			shellScript = "\"${PODS_ROOT}/Target Support Files/Pods-Instagram-InstagramUITests/Pods-Instagram-InstagramUITests-frameworks.sh\"\n";
			showEnvVarsInLog = 0;
		};
		5E49E03C138D47DA56044BD5 /* [CP] Check Pods Manifest.lock */ = {
			isa = PBXShellScriptBuildPhase;
			buildActionMask = 2147483647;
			files = (
			);
			inputFileListPaths = (
			);
			inputPaths = (
				"${PODS_PODFILE_DIR_PATH}/Podfile.lock",
				"${PODS_ROOT}/Manifest.lock",
			);
			name = "[CP] Check Pods Manifest.lock";
			outputFileListPaths = (
			);
			outputPaths = (
				"$(DERIVED_FILE_DIR)/Pods-Instagram-InstagramUITests-checkManifestLockResult.txt",
			);
			runOnlyForDeploymentPostprocessing = 0;
			shellPath = /bin/sh;
			shellScript = "diff \"${PODS_PODFILE_DIR_PATH}/Podfile.lock\" \"${PODS_ROOT}/Manifest.lock\" > /dev/null\nif [ $? != 0 ] ; then\n    # print error to STDERR\n    echo \"error: The sandbox is not in sync with the Podfile.lock. Run 'pod install' or update your CocoaPods installation.\" >&2\n    exit 1\nfi\n# This output is used by Xcode 'outputs' to avoid re-running this script phase.\necho \"SUCCESS\" > \"${SCRIPT_OUTPUT_FILE_0}\"\n";
			showEnvVarsInLog = 0;
		};
		9A3A68D698A7D50604BF9F87 /* [CP] Check Pods Manifest.lock */ = {
			isa = PBXShellScriptBuildPhase;
			buildActionMask = 2147483647;
			files = (
			);
			inputFileListPaths = (
			);
			inputPaths = (
				"${PODS_PODFILE_DIR_PATH}/Podfile.lock",
				"${PODS_ROOT}/Manifest.lock",
			);
			name = "[CP] Check Pods Manifest.lock";
			outputFileListPaths = (
			);
			outputPaths = (
				"$(DERIVED_FILE_DIR)/Pods-InstagramTests-checkManifestLockResult.txt",
			);
			runOnlyForDeploymentPostprocessing = 0;
			shellPath = /bin/sh;
			shellScript = "diff \"${PODS_PODFILE_DIR_PATH}/Podfile.lock\" \"${PODS_ROOT}/Manifest.lock\" > /dev/null\nif [ $? != 0 ] ; then\n    # print error to STDERR\n    echo \"error: The sandbox is not in sync with the Podfile.lock. Run 'pod install' or update your CocoaPods installation.\" >&2\n    exit 1\nfi\n# This output is used by Xcode 'outputs' to avoid re-running this script phase.\necho \"SUCCESS\" > \"${SCRIPT_OUTPUT_FILE_0}\"\n";
			showEnvVarsInLog = 0;
		};
		F0D090BCCA8AFF71BEC85F7A /* [CP] Embed Pods Frameworks */ = {
			isa = PBXShellScriptBuildPhase;
			buildActionMask = 2147483647;
			files = (
			);
			inputFileListPaths = (
				"${PODS_ROOT}/Target Support Files/Pods-Instagram/Pods-Instagram-frameworks-${CONFIGURATION}-input-files.xcfilelist",
			);
			name = "[CP] Embed Pods Frameworks";
			outputFileListPaths = (
				"${PODS_ROOT}/Target Support Files/Pods-Instagram/Pods-Instagram-frameworks-${CONFIGURATION}-output-files.xcfilelist",
			);
			runOnlyForDeploymentPostprocessing = 0;
			shellPath = /bin/sh;
			shellScript = "\"${PODS_ROOT}/Target Support Files/Pods-Instagram/Pods-Instagram-frameworks.sh\"\n";
			showEnvVarsInLog = 0;
		};
/* End PBXShellScriptBuildPhase section */

/* Begin PBXSourcesBuildPhase section */
		D2A2B6542709074C000E6146 /* Sources */ = {
			isa = PBXSourcesBuildPhase;
			buildActionMask = 2147483647;
			files = (
				D266184B2709151F00DB3C0C /* LoginViewController.swift in Sources */,
				D266184F2709227B00DB3C0C /* CameraViewController.swift in Sources */,
				D2A2B65C2709074C000E6146 /* AppDelegate.swift in Sources */,
				D266184D2709153100DB3C0C /* FeedViewController.swift in Sources */,
				D2A2B65E2709074C000E6146 /* SceneDelegate.swift in Sources */,
				D2661851270929BA00DB3C0C /* PostCell.swift in Sources */,
			);
			runOnlyForDeploymentPostprocessing = 0;
		};
		D2A2B66A2709074E000E6146 /* Sources */ = {
			isa = PBXSourcesBuildPhase;
			buildActionMask = 2147483647;
			files = (
				D2A2B6732709074E000E6146 /* InstagramTests.swift in Sources */,
			);
			runOnlyForDeploymentPostprocessing = 0;
		};
		D2A2B6752709074E000E6146 /* Sources */ = {
			isa = PBXSourcesBuildPhase;
			buildActionMask = 2147483647;
			files = (
				D2A2B67E2709074E000E6146 /* InstagramUITests.swift in Sources */,
			);
			runOnlyForDeploymentPostprocessing = 0;
		};
/* End PBXSourcesBuildPhase section */

/* Begin PBXTargetDependency section */
		D2A2B6702709074E000E6146 /* PBXTargetDependency */ = {
			isa = PBXTargetDependency;
			target = D2A2B6572709074C000E6146 /* Instagram */;
			targetProxy = D2A2B66F2709074E000E6146 /* PBXContainerItemProxy */;
		};
		D2A2B67B2709074E000E6146 /* PBXTargetDependency */ = {
			isa = PBXTargetDependency;
			target = D2A2B6572709074C000E6146 /* Instagram */;
			targetProxy = D2A2B67A2709074E000E6146 /* PBXContainerItemProxy */;
		};
/* End PBXTargetDependency section */

/* Begin PBXVariantGroup section */
		D2A2B6612709074C000E6146 /* Main.storyboard */ = {
			isa = PBXVariantGroup;
			children = (
				D2A2B6622709074C000E6146 /* Base */,
			);
			name = Main.storyboard;
			sourceTree = "<group>";
		};
		D2A2B6662709074E000E6146 /* LaunchScreen.storyboard */ = {
			isa = PBXVariantGroup;
			children = (
				D2A2B6672709074E000E6146 /* Base */,
			);
			name = LaunchScreen.storyboard;
			sourceTree = "<group>";
		};
/* End PBXVariantGroup section */

/* Begin XCBuildConfiguration section */
		D2A2B6802709074E000E6146 /* Debug */ = {
			isa = XCBuildConfiguration;
			buildSettings = {
				ALWAYS_SEARCH_USER_PATHS = NO;
				CLANG_ANALYZER_NONNULL = YES;
				CLANG_ANALYZER_NUMBER_OBJECT_CONVERSION = YES_AGGRESSIVE;
				CLANG_CXX_LANGUAGE_STANDARD = "gnu++14";
				CLANG_CXX_LIBRARY = "libc++";
				CLANG_ENABLE_MODULES = YES;
				CLANG_ENABLE_OBJC_ARC = YES;
				CLANG_ENABLE_OBJC_WEAK = YES;
				CLANG_WARN_BLOCK_CAPTURE_AUTORELEASING = YES;
				CLANG_WARN_BOOL_CONVERSION = YES;
				CLANG_WARN_COMMA = YES;
				CLANG_WARN_CONSTANT_CONVERSION = YES;
				CLANG_WARN_DEPRECATED_OBJC_IMPLEMENTATIONS = YES;
				CLANG_WARN_DIRECT_OBJC_ISA_USAGE = YES_ERROR;
				CLANG_WARN_DOCUMENTATION_COMMENTS = YES;
				CLANG_WARN_EMPTY_BODY = YES;
				CLANG_WARN_ENUM_CONVERSION = YES;
				CLANG_WARN_INFINITE_RECURSION = YES;
				CLANG_WARN_INT_CONVERSION = YES;
				CLANG_WARN_NON_LITERAL_NULL_CONVERSION = YES;
				CLANG_WARN_OBJC_IMPLICIT_RETAIN_SELF = YES;
				CLANG_WARN_OBJC_LITERAL_CONVERSION = YES;
				CLANG_WARN_OBJC_ROOT_CLASS = YES_ERROR;
				CLANG_WARN_QUOTED_INCLUDE_IN_FRAMEWORK_HEADER = YES;
				CLANG_WARN_RANGE_LOOP_ANALYSIS = YES;
				CLANG_WARN_STRICT_PROTOTYPES = YES;
				CLANG_WARN_SUSPICIOUS_MOVE = YES;
				CLANG_WARN_UNGUARDED_AVAILABILITY = YES_AGGRESSIVE;
				CLANG_WARN_UNREACHABLE_CODE = YES;
				CLANG_WARN__DUPLICATE_METHOD_MATCH = YES;
				COPY_PHASE_STRIP = NO;
				DEBUG_INFORMATION_FORMAT = dwarf;
				ENABLE_STRICT_OBJC_MSGSEND = YES;
				ENABLE_TESTABILITY = YES;
				GCC_C_LANGUAGE_STANDARD = gnu11;
				GCC_DYNAMIC_NO_PIC = NO;
				GCC_NO_COMMON_BLOCKS = YES;
				GCC_OPTIMIZATION_LEVEL = 0;
				GCC_PREPROCESSOR_DEFINITIONS = (
					"DEBUG=1",
					"$(inherited)",
				);
				GCC_WARN_64_TO_32_BIT_CONVERSION = YES;
				GCC_WARN_ABOUT_RETURN_TYPE = YES_ERROR;
				GCC_WARN_UNDECLARED_SELECTOR = YES;
				GCC_WARN_UNINITIALIZED_AUTOS = YES_AGGRESSIVE;
				GCC_WARN_UNUSED_FUNCTION = YES;
				GCC_WARN_UNUSED_VARIABLE = YES;
				IPHONEOS_DEPLOYMENT_TARGET = 14.5;
				MTL_ENABLE_DEBUG_INFO = INCLUDE_SOURCE;
				MTL_FAST_MATH = YES;
				ONLY_ACTIVE_ARCH = YES;
				SDKROOT = iphoneos;
				SWIFT_ACTIVE_COMPILATION_CONDITIONS = DEBUG;
				SWIFT_OPTIMIZATION_LEVEL = "-Onone";
			};
			name = Debug;
		};
		D2A2B6812709074E000E6146 /* Release */ = {
			isa = XCBuildConfiguration;
			buildSettings = {
				ALWAYS_SEARCH_USER_PATHS = NO;
				CLANG_ANALYZER_NONNULL = YES;
				CLANG_ANALYZER_NUMBER_OBJECT_CONVERSION = YES_AGGRESSIVE;
				CLANG_CXX_LANGUAGE_STANDARD = "gnu++14";
				CLANG_CXX_LIBRARY = "libc++";
				CLANG_ENABLE_MODULES = YES;
				CLANG_ENABLE_OBJC_ARC = YES;
				CLANG_ENABLE_OBJC_WEAK = YES;
				CLANG_WARN_BLOCK_CAPTURE_AUTORELEASING = YES;
				CLANG_WARN_BOOL_CONVERSION = YES;
				CLANG_WARN_COMMA = YES;
				CLANG_WARN_CONSTANT_CONVERSION = YES;
				CLANG_WARN_DEPRECATED_OBJC_IMPLEMENTATIONS = YES;
				CLANG_WARN_DIRECT_OBJC_ISA_USAGE = YES_ERROR;
				CLANG_WARN_DOCUMENTATION_COMMENTS = YES;
				CLANG_WARN_EMPTY_BODY = YES;
				CLANG_WARN_ENUM_CONVERSION = YES;
				CLANG_WARN_INFINITE_RECURSION = YES;
				CLANG_WARN_INT_CONVERSION = YES;
				CLANG_WARN_NON_LITERAL_NULL_CONVERSION = YES;
				CLANG_WARN_OBJC_IMPLICIT_RETAIN_SELF = YES;
				CLANG_WARN_OBJC_LITERAL_CONVERSION = YES;
				CLANG_WARN_OBJC_ROOT_CLASS = YES_ERROR;
				CLANG_WARN_QUOTED_INCLUDE_IN_FRAMEWORK_HEADER = YES;
				CLANG_WARN_RANGE_LOOP_ANALYSIS = YES;
				CLANG_WARN_STRICT_PROTOTYPES = YES;
				CLANG_WARN_SUSPICIOUS_MOVE = YES;
				CLANG_WARN_UNGUARDED_AVAILABILITY = YES_AGGRESSIVE;
				CLANG_WARN_UNREACHABLE_CODE = YES;
				CLANG_WARN__DUPLICATE_METHOD_MATCH = YES;
				COPY_PHASE_STRIP = NO;
				DEBUG_INFORMATION_FORMAT = "dwarf-with-dsym";
				ENABLE_NS_ASSERTIONS = NO;
				ENABLE_STRICT_OBJC_MSGSEND = YES;
				GCC_C_LANGUAGE_STANDARD = gnu11;
				GCC_NO_COMMON_BLOCKS = YES;
				GCC_WARN_64_TO_32_BIT_CONVERSION = YES;
				GCC_WARN_ABOUT_RETURN_TYPE = YES_ERROR;
				GCC_WARN_UNDECLARED_SELECTOR = YES;
				GCC_WARN_UNINITIALIZED_AUTOS = YES_AGGRESSIVE;
				GCC_WARN_UNUSED_FUNCTION = YES;
				GCC_WARN_UNUSED_VARIABLE = YES;
				IPHONEOS_DEPLOYMENT_TARGET = 14.5;
				MTL_ENABLE_DEBUG_INFO = NO;
				MTL_FAST_MATH = YES;
				SDKROOT = iphoneos;
				SWIFT_COMPILATION_MODE = wholemodule;
				SWIFT_OPTIMIZATION_LEVEL = "-O";
				VALIDATE_PRODUCT = YES;
			};
			name = Release;
		};
		D2A2B6832709074E000E6146 /* Debug */ = {
			isa = XCBuildConfiguration;
			baseConfigurationReference = 44F6B4D7E7C172635353615A /* Pods-Instagram.debug.xcconfig */;
			buildSettings = {
				ASSETCATALOG_COMPILER_APPICON_NAME = AppIcon;
				ASSETCATALOG_COMPILER_GLOBAL_ACCENT_COLOR_NAME = AccentColor;
				CODE_SIGN_STYLE = Automatic;
				INFOPLIST_FILE = Instagram/Info.plist;
				LD_RUNPATH_SEARCH_PATHS = (
					"$(inherited)",
					"@executable_path/Frameworks",
				);
				PRODUCT_BUNDLE_IDENTIFIER = FirstApp.Instagram;
				PRODUCT_NAME = "$(TARGET_NAME)";
				SWIFT_VERSION = 5.0;
				TARGETED_DEVICE_FAMILY = "1,2";
			};
			name = Debug;
		};
		D2A2B6842709074E000E6146 /* Release */ = {
			isa = XCBuildConfiguration;
			baseConfigurationReference = 1713B63CC48955ACCADB8E5F /* Pods-Instagram.release.xcconfig */;
			buildSettings = {
				ASSETCATALOG_COMPILER_APPICON_NAME = AppIcon;
				ASSETCATALOG_COMPILER_GLOBAL_ACCENT_COLOR_NAME = AccentColor;
				CODE_SIGN_STYLE = Automatic;
				INFOPLIST_FILE = Instagram/Info.plist;
				LD_RUNPATH_SEARCH_PATHS = (
					"$(inherited)",
					"@executable_path/Frameworks",
				);
				PRODUCT_BUNDLE_IDENTIFIER = FirstApp.Instagram;
				PRODUCT_NAME = "$(TARGET_NAME)";
				SWIFT_VERSION = 5.0;
				TARGETED_DEVICE_FAMILY = "1,2";
			};
			name = Release;
		};
		D2A2B6862709074E000E6146 /* Debug */ = {
			isa = XCBuildConfiguration;
			baseConfigurationReference = 9CCB727B278604490C9D423F /* Pods-InstagramTests.debug.xcconfig */;
			buildSettings = {
				ALWAYS_EMBED_SWIFT_STANDARD_LIBRARIES = YES;
				BUNDLE_LOADER = "$(TEST_HOST)";
				CODE_SIGN_STYLE = Automatic;
				INFOPLIST_FILE = InstagramTests/Info.plist;
				IPHONEOS_DEPLOYMENT_TARGET = 14.5;
				LD_RUNPATH_SEARCH_PATHS = (
					"$(inherited)",
					"@executable_path/Frameworks",
					"@loader_path/Frameworks",
				);
				PRODUCT_BUNDLE_IDENTIFIER = FirstApp.InstagramTests;
				PRODUCT_NAME = "$(TARGET_NAME)";
				SWIFT_VERSION = 5.0;
				TARGETED_DEVICE_FAMILY = "1,2";
				TEST_HOST = "$(BUILT_PRODUCTS_DIR)/Instagram.app/Instagram";
			};
			name = Debug;
		};
		D2A2B6872709074E000E6146 /* Release */ = {
			isa = XCBuildConfiguration;
			baseConfigurationReference = 0384DD64F3B1EE1D3F028301 /* Pods-InstagramTests.release.xcconfig */;
			buildSettings = {
				ALWAYS_EMBED_SWIFT_STANDARD_LIBRARIES = YES;
				BUNDLE_LOADER = "$(TEST_HOST)";
				CODE_SIGN_STYLE = Automatic;
				INFOPLIST_FILE = InstagramTests/Info.plist;
				IPHONEOS_DEPLOYMENT_TARGET = 14.5;
				LD_RUNPATH_SEARCH_PATHS = (
					"$(inherited)",
					"@executable_path/Frameworks",
					"@loader_path/Frameworks",
				);
				PRODUCT_BUNDLE_IDENTIFIER = FirstApp.InstagramTests;
				PRODUCT_NAME = "$(TARGET_NAME)";
				SWIFT_VERSION = 5.0;
				TARGETED_DEVICE_FAMILY = "1,2";
				TEST_HOST = "$(BUILT_PRODUCTS_DIR)/Instagram.app/Instagram";
			};
			name = Release;
		};
		D2A2B6892709074E000E6146 /* Debug */ = {
			isa = XCBuildConfiguration;
			baseConfigurationReference = 4F5D00FE25FC6E93D161ACAC /* Pods-Instagram-InstagramUITests.debug.xcconfig */;
			buildSettings = {
				ALWAYS_EMBED_SWIFT_STANDARD_LIBRARIES = YES;
				CODE_SIGN_STYLE = Automatic;
				INFOPLIST_FILE = InstagramUITests/Info.plist;
				LD_RUNPATH_SEARCH_PATHS = (
					"$(inherited)",
					"@executable_path/Frameworks",
					"@loader_path/Frameworks",
				);
				PRODUCT_BUNDLE_IDENTIFIER = FirstApp.InstagramUITests;
				PRODUCT_NAME = "$(TARGET_NAME)";
				SWIFT_VERSION = 5.0;
				TARGETED_DEVICE_FAMILY = "1,2";
				TEST_TARGET_NAME = Instagram;
			};
			name = Debug;
		};
		D2A2B68A2709074E000E6146 /* Release */ = {
			isa = XCBuildConfiguration;
			baseConfigurationReference = FED24C956D88D7CAE96155B6 /* Pods-Instagram-InstagramUITests.release.xcconfig */;
			buildSettings = {
				ALWAYS_EMBED_SWIFT_STANDARD_LIBRARIES = YES;
				CODE_SIGN_STYLE = Automatic;
				INFOPLIST_FILE = InstagramUITests/Info.plist;
				LD_RUNPATH_SEARCH_PATHS = (
					"$(inherited)",
					"@executable_path/Frameworks",
					"@loader_path/Frameworks",
				);
				PRODUCT_BUNDLE_IDENTIFIER = FirstApp.InstagramUITests;
				PRODUCT_NAME = "$(TARGET_NAME)";
				SWIFT_VERSION = 5.0;
				TARGETED_DEVICE_FAMILY = "1,2";
				TEST_TARGET_NAME = Instagram;
			};
			name = Release;
		};
/* End XCBuildConfiguration section */

/* Begin XCConfigurationList section */
		D2A2B6532709074C000E6146 /* Build configuration list for PBXProject "Instagram" */ = {
			isa = XCConfigurationList;
			buildConfigurations = (
				D2A2B6802709074E000E6146 /* Debug */,
				D2A2B6812709074E000E6146 /* Release */,
			);
			defaultConfigurationIsVisible = 0;
			defaultConfigurationName = Release;
		};
		D2A2B6822709074E000E6146 /* Build configuration list for PBXNativeTarget "Instagram" */ = {
			isa = XCConfigurationList;
			buildConfigurations = (
				D2A2B6832709074E000E6146 /* Debug */,
				D2A2B6842709074E000E6146 /* Release */,
			);
			defaultConfigurationIsVisible = 0;
			defaultConfigurationName = Release;
		};
		D2A2B6852709074E000E6146 /* Build configuration list for PBXNativeTarget "InstagramTests" */ = {
			isa = XCConfigurationList;
			buildConfigurations = (
				D2A2B6862709074E000E6146 /* Debug */,
				D2A2B6872709074E000E6146 /* Release */,
			);
			defaultConfigurationIsVisible = 0;
			defaultConfigurationName = Release;
		};
		D2A2B6882709074E000E6146 /* Build configuration list for PBXNativeTarget "InstagramUITests" */ = {
			isa = XCConfigurationList;
			buildConfigurations = (
				D2A2B6892709074E000E6146 /* Debug */,
				D2A2B68A2709074E000E6146 /* Release */,
			);
			defaultConfigurationIsVisible = 0;
			defaultConfigurationName = Release;
		};
/* End XCConfigurationList section */
	};
	rootObject = D2A2B6502709074C000E6146 /* Project object */;
}
